// !$*UTF8*$!
{
	archiveVersion = 1;
	classes = {
	};
	objectVersion = 50;
	objects = {

/* Begin PBXBuildFile section */
		B31C9B37248770D3001B6734 /* AppDelegate.swift in Sources */ = {isa = PBXBuildFile; fileRef = B31C9B36248770D3001B6734 /* AppDelegate.swift */; };
		B31C9B39248770D3001B6734 /* SceneDelegate.swift in Sources */ = {isa = PBXBuildFile; fileRef = B31C9B38248770D3001B6734 /* SceneDelegate.swift */; };
		B31C9B3B248770D3001B6734 /* FormViewController.swift in Sources */ = {isa = PBXBuildFile; fileRef = B31C9B3A248770D3001B6734 /* FormViewController.swift */; };
		B31C9B3E248770D3001B6734 /* Main.storyboard in Resources */ = {isa = PBXBuildFile; fileRef = B31C9B3C248770D3001B6734 /* Main.storyboard */; };
		B31C9B40248770D8001B6734 /* Assets.xcassets in Resources */ = {isa = PBXBuildFile; fileRef = B31C9B3F248770D8001B6734 /* Assets.xcassets */; };
		B31C9B43248770D8001B6734 /* LaunchScreen.storyboard in Resources */ = {isa = PBXBuildFile; fileRef = B31C9B41248770D8001B6734 /* LaunchScreen.storyboard */; };
		B31C9B4E248770D8001B6734 /* QRCodeTests.swift in Sources */ = {isa = PBXBuildFile; fileRef = B31C9B4D248770D8001B6734 /* QRCodeTests.swift */; };
		B31C9B59248770D8001B6734 /* QRCodeUITests.swift in Sources */ = {isa = PBXBuildFile; fileRef = B31C9B58248770D8001B6734 /* QRCodeUITests.swift */; };
		B3A88571248777200016349D /* QRGenerateViewController.swift in Sources */ = {isa = PBXBuildFile; fileRef = B3A88570248777200016349D /* QRGenerateViewController.swift */; };
/* End PBXBuildFile section */

/* Begin PBXContainerItemProxy section */
		B31C9B4A248770D8001B6734 /* PBXContainerItemProxy */ = {
			isa = PBXContainerItemProxy;
			containerPortal = B31C9B2B248770D3001B6734 /* Project object */;
			proxyType = 1;
			remoteGlobalIDString = B31C9B32248770D3001B6734;
			remoteInfo = QRCode;
		};
		B31C9B55248770D8001B6734 /* PBXContainerItemProxy */ = {
			isa = PBXContainerItemProxy;
			containerPortal = B31C9B2B248770D3001B6734 /* Project object */;
			proxyType = 1;
			remoteGlobalIDString = B31C9B32248770D3001B6734;
			remoteInfo = QRCode;
		};
/* End PBXContainerItemProxy section */

/* Begin PBXFileReference section */
		B31C9B33248770D3001B6734 /* QRCode.app */ = {isa = PBXFileReference; explicitFileType = wrapper.application; includeInIndex = 0; path = QRCode.app; sourceTree = BUILT_PRODUCTS_DIR; };
		B31C9B36248770D3001B6734 /* AppDelegate.swift */ = {isa = PBXFileReference; lastKnownFileType = sourcecode.swift; path = AppDelegate.swift; sourceTree = "<group>"; };
		B31C9B38248770D3001B6734 /* SceneDelegate.swift */ = {isa = PBXFileReference; lastKnownFileType = sourcecode.swift; path = SceneDelegate.swift; sourceTree = "<group>"; };
		B31C9B3A248770D3001B6734 /* FormViewController.swift */ = {isa = PBXFileReference; lastKnownFileType = sourcecode.swift; path = FormViewController.swift; sourceTree = "<group>"; };
		B31C9B3D248770D3001B6734 /* Base */ = {isa = PBXFileReference; lastKnownFileType = file.storyboard; name = Base; path = Base.lproj/Main.storyboard; sourceTree = "<group>"; };
		B31C9B3F248770D8001B6734 /* Assets.xcassets */ = {isa = PBXFileReference; lastKnownFileType = folder.assetcatalog; path = Assets.xcassets; sourceTree = "<group>"; };
		B31C9B42248770D8001B6734 /* Base */ = {isa = PBXFileReference; lastKnownFileType = file.storyboard; name = Base; path = Base.lproj/LaunchScreen.storyboard; sourceTree = "<group>"; };
		B31C9B44248770D8001B6734 /* Info.plist */ = {isa = PBXFileReference; lastKnownFileType = text.plist.xml; path = Info.plist; sourceTree = "<group>"; };
		B31C9B49248770D8001B6734 /* QRCodeTests.xctest */ = {isa = PBXFileReference; explicitFileType = wrapper.cfbundle; includeInIndex = 0; path = QRCodeTests.xctest; sourceTree = BUILT_PRODUCTS_DIR; };
		B31C9B4D248770D8001B6734 /* QRCodeTests.swift */ = {isa = PBXFileReference; lastKnownFileType = sourcecode.swift; path = QRCodeTests.swift; sourceTree = "<group>"; };
		B31C9B4F248770D8001B6734 /* Info.plist */ = {isa = PBXFileReference; lastKnownFileType = text.plist.xml; path = Info.plist; sourceTree = "<group>"; };
		B31C9B54248770D8001B6734 /* QRCodeUITests.xctest */ = {isa = PBXFileReference; explicitFileType = wrapper.cfbundle; includeInIndex = 0; path = QRCodeUITests.xctest; sourceTree = BUILT_PRODUCTS_DIR; };
		B31C9B58248770D8001B6734 /* QRCodeUITests.swift */ = {isa = PBXFileReference; lastKnownFileType = sourcecode.swift; path = QRCodeUITests.swift; sourceTree = "<group>"; };
		B31C9B5A248770D8001B6734 /* Info.plist */ = {isa = PBXFileReference; lastKnownFileType = text.plist.xml; path = Info.plist; sourceTree = "<group>"; };
		B3A88570248777200016349D /* QRGenerateViewController.swift */ = {isa = PBXFileReference; lastKnownFileType = sourcecode.swift; path = QRGenerateViewController.swift; sourceTree = "<group>"; };
/* End PBXFileReference section */

/* Begin PBXFrameworksBuildPhase section */
		B31C9B30248770D3001B6734 /* Frameworks */ = {
			isa = PBXFrameworksBuildPhase;
			buildActionMask = 2147483647;
			files = (
			);
			runOnlyForDeploymentPostprocessing = 0;
		};
		B31C9B46248770D8001B6734 /* Frameworks */ = {
			isa = PBXFrameworksBuildPhase;
			buildActionMask = 2147483647;
			files = (
			);
			runOnlyForDeploymentPostprocessing = 0;
		};
		B31C9B51248770D8001B6734 /* Frameworks */ = {
			isa = PBXFrameworksBuildPhase;
			buildActionMask = 2147483647;
			files = (
			);
			runOnlyForDeploymentPostprocessing = 0;
		};
/* End PBXFrameworksBuildPhase section */

/* Begin PBXGroup section */
		B31C9B2A248770D3001B6734 = {
			isa = PBXGroup;
			children = (
				B31C9B35248770D3001B6734 /* QRCode */,
				B31C9B4C248770D8001B6734 /* QRCodeTests */,
				B31C9B57248770D8001B6734 /* QRCodeUITests */,
				B31C9B34248770D3001B6734 /* Products */,
			);
			sourceTree = "<group>";
		};
		B31C9B34248770D3001B6734 /* Products */ = {
			isa = PBXGroup;
			children = (
				B31C9B33248770D3001B6734 /* QRCode.app */,
				B31C9B49248770D8001B6734 /* QRCodeTests.xctest */,
				B31C9B54248770D8001B6734 /* QRCodeUITests.xctest */,
			);
			name = Products;
			sourceTree = "<group>";
		};
		B31C9B35248770D3001B6734 /* QRCode */ = {
			isa = PBXGroup;
			children = (
				B31C9B36248770D3001B6734 /* AppDelegate.swift */,
				B31C9B38248770D3001B6734 /* SceneDelegate.swift */,
				B31C9B3A248770D3001B6734 /* FormViewController.swift */,
				B31C9B3C248770D3001B6734 /* Main.storyboard */,
				B31C9B3F248770D8001B6734 /* Assets.xcassets */,
				B31C9B41248770D8001B6734 /* LaunchScreen.storyboard */,
				B31C9B44248770D8001B6734 /* Info.plist */,
				B3A88570248777200016349D /* QRGenerateViewController.swift */,
			);
			path = QRCode;
			sourceTree = "<group>";
		};
		B31C9B4C248770D8001B6734 /* QRCodeTests */ = {
			isa = PBXGroup;
			children = (
				B31C9B4D248770D8001B6734 /* QRCodeTests.swift */,
				B31C9B4F248770D8001B6734 /* Info.plist */,
			);
			path = QRCodeTests;
			sourceTree = "<group>";
		};
		B31C9B57248770D8001B6734 /* QRCodeUITests */ = {
			isa = PBXGroup;
			children = (
				B31C9B58248770D8001B6734 /* QRCodeUITests.swift */,
				B31C9B5A248770D8001B6734 /* Info.plist */,
			);
			path = QRCodeUITests;
			sourceTree = "<group>";
		};
/* End PBXGroup section */

/* Begin PBXNativeTarget section */
		B31C9B32248770D3001B6734 /* QRCode */ = {
			isa = PBXNativeTarget;
			buildConfigurationList = B31C9B5D248770D8001B6734 /* Build configuration list for PBXNativeTarget "QRCode" */;
			buildPhases = (
				B31C9B2F248770D3001B6734 /* Sources */,
				B31C9B30248770D3001B6734 /* Frameworks */,
				B31C9B31248770D3001B6734 /* Resources */,
			);
			buildRules = (
			);
			dependencies = (
			);
			name = QRCode;
			productName = QRCode;
			productReference = B31C9B33248770D3001B6734 /* QRCode.app */;
			productType = "com.apple.product-type.application";
		};
		B31C9B48248770D8001B6734 /* QRCodeTests */ = {
			isa = PBXNativeTarget;
			buildConfigurationList = B31C9B60248770D8001B6734 /* Build configuration list for PBXNativeTarget "QRCodeTests" */;
			buildPhases = (
				B31C9B45248770D8001B6734 /* Sources */,
				B31C9B46248770D8001B6734 /* Frameworks */,
				B31C9B47248770D8001B6734 /* Resources */,
			);
			buildRules = (
			);
			dependencies = (
				B31C9B4B248770D8001B6734 /* PBXTargetDependency */,
			);
			name = QRCodeTests;
			productName = QRCodeTests;
			productReference = B31C9B49248770D8001B6734 /* QRCodeTests.xctest */;
			productType = "com.apple.product-type.bundle.unit-test";
		};
		B31C9B53248770D8001B6734 /* QRCodeUITests */ = {
			isa = PBXNativeTarget;
			buildConfigurationList = B31C9B63248770D8001B6734 /* Build configuration list for PBXNativeTarget "QRCodeUITests" */;
			buildPhases = (
				B31C9B50248770D8001B6734 /* Sources */,
				B31C9B51248770D8001B6734 /* Frameworks */,
				B31C9B52248770D8001B6734 /* Resources */,
			);
			buildRules = (
			);
			dependencies = (
				B31C9B56248770D8001B6734 /* PBXTargetDependency */,
			);
			name = QRCodeUITests;
			productName = QRCodeUITests;
			productReference = B31C9B54248770D8001B6734 /* QRCodeUITests.xctest */;
			productType = "com.apple.product-type.bundle.ui-testing";
		};
/* End PBXNativeTarget section */

/* Begin PBXProject section */
		B31C9B2B248770D3001B6734 /* Project object */ = {
			isa = PBXProject;
			attributes = {
				LastSwiftUpdateCheck = 1150;
				LastUpgradeCheck = 1150;
				ORGANIZATIONNAME = Omp;
				TargetAttributes = {
					B31C9B32248770D3001B6734 = {
						CreatedOnToolsVersion = 11.5;
					};
					B31C9B48248770D8001B6734 = {
						CreatedOnToolsVersion = 11.5;
						TestTargetID = B31C9B32248770D3001B6734;
					};
					B31C9B53248770D8001B6734 = {
						CreatedOnToolsVersion = 11.5;
						TestTargetID = B31C9B32248770D3001B6734;
					};
				};
			};
			buildConfigurationList = B31C9B2E248770D3001B6734 /* Build configuration list for PBXProject "QRCode" */;
			compatibilityVersion = "Xcode 9.3";
			developmentRegion = en;
			hasScannedForEncodings = 0;
			knownRegions = (
				en,
				Base,
			);
			mainGroup = B31C9B2A248770D3001B6734;
			productRefGroup = B31C9B34248770D3001B6734 /* Products */;
			projectDirPath = "";
			projectRoot = "";
			targets = (
				B31C9B32248770D3001B6734 /* QRCode */,
				B31C9B48248770D8001B6734 /* QRCodeTests */,
				B31C9B53248770D8001B6734 /* QRCodeUITests */,
			);
		};
/* End PBXProject section */

/* Begin PBXResourcesBuildPhase section */
		B31C9B31248770D3001B6734 /* Resources */ = {
			isa = PBXResourcesBuildPhase;
			buildActionMask = 2147483647;
			files = (
				B31C9B43248770D8001B6734 /* LaunchScreen.storyboard in Resources */,
				B31C9B40248770D8001B6734 /* Assets.xcassets in Resources */,
				B31C9B3E248770D3001B6734 /* Main.storyboard in Resources */,
			);
			runOnlyForDeploymentPostprocessing = 0;
		};
		B31C9B47248770D8001B6734 /* Resources */ = {
			isa = PBXResourcesBuildPhase;
			buildActionMask = 2147483647;
			files = (
			);
			runOnlyForDeploymentPostprocessing = 0;
		};
		B31C9B52248770D8001B6734 /* Resources */ = {
			isa = PBXResourcesBuildPhase;
			buildActionMask = 2147483647;
			files = (
			);
			runOnlyForDeploymentPostprocessing = 0;
		};
/* End PBXResourcesBuildPhase section */

/* Begin PBXSourcesBuildPhase section */
		B31C9B2F248770D3001B6734 /* Sources */ = {
			isa = PBXSourcesBuildPhase;
			buildActionMask = 2147483647;
			files = (
				B31C9B3B248770D3001B6734 /* FormViewController.swift in Sources */,
				B31C9B37248770D3001B6734 /* AppDelegate.swift in Sources */,
				B3A88571248777200016349D /* QRGenerateViewController.swift in Sources */,
				B31C9B39248770D3001B6734 /* SceneDelegate.swift in Sources */,
			);
			runOnlyForDeploymentPostprocessing = 0;
		};
		B31C9B45248770D8001B6734 /* Sources */ = {
			isa = PBXSourcesBuildPhase;
			buildActionMask = 2147483647;
			files = (
				B31C9B4E248770D8001B6734 /* QRCodeTests.swift in Sources */,
			);
			runOnlyForDeploymentPostprocessing = 0;
		};
		B31C9B50248770D8001B6734 /* Sources */ = {
			isa = PBXSourcesBuildPhase;
			buildActionMask = 2147483647;
			files = (
				B31C9B59248770D8001B6734 /* QRCodeUITests.swift in Sources */,
			);
			runOnlyForDeploymentPostprocessing = 0;
		};
/* End PBXSourcesBuildPhase section */

/* Begin PBXTargetDependency section */
		B31C9B4B248770D8001B6734 /* PBXTargetDependency */ = {
			isa = PBXTargetDependency;
			target = B31C9B32248770D3001B6734 /* QRCode */;
			targetProxy = B31C9B4A248770D8001B6734 /* PBXContainerItemProxy */;
		};
		B31C9B56248770D8001B6734 /* PBXTargetDependency */ = {
			isa = PBXTargetDependency;
			target = B31C9B32248770D3001B6734 /* QRCode */;
			targetProxy = B31C9B55248770D8001B6734 /* PBXContainerItemProxy */;
		};
/* End PBXTargetDependency section */

/* Begin PBXVariantGroup section */
		B31C9B3C248770D3001B6734 /* Main.storyboard */ = {
			isa = PBXVariantGroup;
			children = (
				B31C9B3D248770D3001B6734 /* Base */,
			);
			name = Main.storyboard;
			sourceTree = "<group>";
		};
		B31C9B41248770D8001B6734 /* LaunchScreen.storyboard */ = {
			isa = PBXVariantGroup;
			children = (
				B31C9B42248770D8001B6734 /* Base */,
			);
			name = LaunchScreen.storyboard;
			sourceTree = "<group>";
		};
/* End PBXVariantGroup section */

/* Begin XCBuildConfiguration section */
		B31C9B5B248770D8001B6734 /* Debug */ = {
			isa = XCBuildConfiguration;
			buildSettings = {
				ALWAYS_SEARCH_USER_PATHS = NO;
				CLANG_ANALYZER_NONNULL = YES;
				CLANG_ANALYZER_NUMBER_OBJECT_CONVERSION = YES_AGGRESSIVE;
				CLANG_CXX_LANGUAGE_STANDARD = "gnu++14";
				CLANG_CXX_LIBRARY = "libc++";
				CLANG_ENABLE_MODULES = YES;
				CLANG_ENABLE_OBJC_ARC = YES;
				CLANG_ENABLE_OBJC_WEAK = YES;
				CLANG_WARN_BLOCK_CAPTURE_AUTORELEASING = YES;
				CLANG_WARN_BOOL_CONVERSION = YES;
				CLANG_WARN_COMMA = YES;
				CLANG_WARN_CONSTANT_CONVERSION = YES;
				CLANG_WARN_DEPRECATED_OBJC_IMPLEMENTATIONS = YES;
				CLANG_WARN_DIRECT_OBJC_ISA_USAGE = YES_ERROR;
				CLANG_WARN_DOCUMENTATION_COMMENTS = YES;
				CLANG_WARN_EMPTY_BODY = YES;
				CLANG_WARN_ENUM_CONVERSION = YES;
				CLANG_WARN_INFINITE_RECURSION = YES;
				CLANG_WARN_INT_CONVERSION = YES;
				CLANG_WARN_NON_LITERAL_NULL_CONVERSION = YES;
				CLANG_WARN_OBJC_IMPLICIT_RETAIN_SELF = YES;
				CLANG_WARN_OBJC_LITERAL_CONVERSION = YES;
				CLANG_WARN_OBJC_ROOT_CLASS = YES_ERROR;
				CLANG_WARN_RANGE_LOOP_ANALYSIS = YES;
				CLANG_WARN_STRICT_PROTOTYPES = YES;
				CLANG_WARN_SUSPICIOUS_MOVE = YES;
				CLANG_WARN_UNGUARDED_AVAILABILITY = YES_AGGRESSIVE;
				CLANG_WARN_UNREACHABLE_CODE = YES;
				CLANG_WARN__DUPLICATE_METHOD_MATCH = YES;
				COPY_PHASE_STRIP = NO;
				DEBUG_INFORMATION_FORMAT = dwarf;
				ENABLE_STRICT_OBJC_MSGSEND = YES;
				ENABLE_TESTABILITY = YES;
				GCC_C_LANGUAGE_STANDARD = gnu11;
				GCC_DYNAMIC_NO_PIC = NO;
				GCC_NO_COMMON_BLOCKS = YES;
				GCC_OPTIMIZATION_LEVEL = 0;
				GCC_PREPROCESSOR_DEFINITIONS = (
					"DEBUG=1",
					"$(inherited)",
				);
				GCC_WARN_64_TO_32_BIT_CONVERSION = YES;
				GCC_WARN_ABOUT_RETURN_TYPE = YES_ERROR;
				GCC_WARN_UNDECLARED_SELECTOR = YES;
				GCC_WARN_UNINITIALIZED_AUTOS = YES_AGGRESSIVE;
				GCC_WARN_UNUSED_FUNCTION = YES;
				GCC_WARN_UNUSED_VARIABLE = YES;
				IPHONEOS_DEPLOYMENT_TARGET = 13.5;
				MTL_ENABLE_DEBUG_INFO = INCLUDE_SOURCE;
				MTL_FAST_MATH = YES;
				ONLY_ACTIVE_ARCH = YES;
				SDKROOT = iphoneos;
				SWIFT_ACTIVE_COMPILATION_CONDITIONS = DEBUG;
				SWIFT_OPTIMIZATION_LEVEL = "-Onone";
			};
			name = Debug;
		};
		B31C9B5C248770D8001B6734 /* Release */ = {
			isa = XCBuildConfiguration;
			buildSettings = {
				ALWAYS_SEARCH_USER_PATHS = NO;
				CLANG_ANALYZER_NONNULL = YES;
				CLANG_ANALYZER_NUMBER_OBJECT_CONVERSION = YES_AGGRESSIVE;
				CLANG_CXX_LANGUAGE_STANDARD = "gnu++14";
				CLANG_CXX_LIBRARY = "libc++";
				CLANG_ENABLE_MODULES = YES;
				CLANG_ENABLE_OBJC_ARC = YES;
				CLANG_ENABLE_OBJC_WEAK = YES;
				CLANG_WARN_BLOCK_CAPTURE_AUTORELEASING = YES;
				CLANG_WARN_BOOL_CONVERSION = YES;
				CLANG_WARN_COMMA = YES;
				CLANG_WARN_CONSTANT_CONVERSION = YES;
				CLANG_WARN_DEPRECATED_OBJC_IMPLEMENTATIONS = YES;
				CLANG_WARN_DIRECT_OBJC_ISA_USAGE = YES_ERROR;
				CLANG_WARN_DOCUMENTATION_COMMENTS = YES;
				CLANG_WARN_EMPTY_BODY = YES;
				CLANG_WARN_ENUM_CONVERSION = YES;
				CLANG_WARN_INFINITE_RECURSION = YES;
				CLANG_WARN_INT_CONVERSION = YES;
				CLANG_WARN_NON_LITERAL_NULL_CONVERSION = YES;
				CLANG_WARN_OBJC_IMPLICIT_RETAIN_SELF = YES;
				CLANG_WARN_OBJC_LITERAL_CONVERSION = YES;
				CLANG_WARN_OBJC_ROOT_CLASS = YES_ERROR;
				CLANG_WARN_RANGE_LOOP_ANALYSIS = YES;
				CLANG_WARN_STRICT_PROTOTYPES = YES;
				CLANG_WARN_SUSPICIOUS_MOVE = YES;
				CLANG_WARN_UNGUARDED_AVAILABILITY = YES_AGGRESSIVE;
				CLANG_WARN_UNREACHABLE_CODE = YES;
				CLANG_WARN__DUPLICATE_METHOD_MATCH = YES;
				COPY_PHASE_STRIP = NO;
				DEBUG_INFORMATION_FORMAT = "dwarf-with-dsym";
				ENABLE_NS_ASSERTIONS = NO;
				ENABLE_STRICT_OBJC_MSGSEND = YES;
				GCC_C_LANGUAGE_STANDARD = gnu11;
				GCC_NO_COMMON_BLOCKS = YES;
				GCC_WARN_64_TO_32_BIT_CONVERSION = YES;
				GCC_WARN_ABOUT_RETURN_TYPE = YES_ERROR;
				GCC_WARN_UNDECLARED_SELECTOR = YES;
				GCC_WARN_UNINITIALIZED_AUTOS = YES_AGGRESSIVE;
				GCC_WARN_UNUSED_FUNCTION = YES;
				GCC_WARN_UNUSED_VARIABLE = YES;
				IPHONEOS_DEPLOYMENT_TARGET = 13.5;
				MTL_ENABLE_DEBUG_INFO = NO;
				MTL_FAST_MATH = YES;
				SDKROOT = iphoneos;
				SWIFT_COMPILATION_MODE = wholemodule;
				SWIFT_OPTIMIZATION_LEVEL = "-O";
				VALIDATE_PRODUCT = YES;
			};
			name = Release;
		};
		B31C9B5E248770D8001B6734 /* Debug */ = {
			isa = XCBuildConfiguration;
			buildSettings = {
				ASSETCATALOG_COMPILER_APPICON_NAME = AppIcon;
				CODE_SIGN_STYLE = Automatic;
				DEVELOPMENT_TEAM = R6LKPZ4CU5;
				INFOPLIST_FILE = QRCode/Info.plist;
				LD_RUNPATH_SEARCH_PATHS = (
					"$(inherited)",
					"@executable_path/Frameworks",
				);
				PRODUCT_BUNDLE_IDENTIFIER = com.coco.QRCode;
				PRODUCT_NAME = "$(TARGET_NAME)";
				SWIFT_VERSION = 5.0;
				TARGETED_DEVICE_FAMILY = "1,2";
			};
			name = Debug;
		};
		B31C9B5F248770D8001B6734 /* Release */ = {
			isa = XCBuildConfiguration;
			buildSettings = {
				ASSETCATALOG_COMPILER_APPICON_NAME = AppIcon;
				CODE_SIGN_STYLE = Automatic;
				DEVELOPMENT_TEAM = R6LKPZ4CU5;
				INFOPLIST_FILE = QRCode/Info.plist;
				LD_RUNPATH_SEARCH_PATHS = (
					"$(inherited)",
					"@executable_path/Frameworks",
				);
				PRODUCT_BUNDLE_IDENTIFIER = com.coco.QRCode;
				PRODUCT_NAME = "$(TARGET_NAME)";
				SWIFT_VERSION = 5.0;
				TARGETED_DEVICE_FAMILY = "1,2";
			};
			name = Release;
		};
		B31C9B61248770D8001B6734 /* Debug */ = {
			isa = XCBuildConfiguration;
			buildSettings = {
				ALWAYS_EMBED_SWIFT_STANDARD_LIBRARIES = YES;
				BUNDLE_LOADER = "$(TEST_HOST)";
				CODE_SIGN_STYLE = Automatic;
				DEVELOPMENT_TEAM = MPJF3QG6MV;
				INFOPLIST_FILE = QRCodeTests/Info.plist;
				IPHONEOS_DEPLOYMENT_TARGET = 13.5;
				LD_RUNPATH_SEARCH_PATHS = (
					"$(inherited)",
					"@executable_path/Frameworks",
					"@loader_path/Frameworks",
				);
				PRODUCT_BUNDLE_IDENTIFIER = com.QRCodeTests;
				PRODUCT_NAME = "$(TARGET_NAME)";
				SWIFT_VERSION = 5.0;
				TARGETED_DEVICE_FAMILY = "1,2";
				TEST_HOST = "$(BUILT_PRODUCTS_DIR)/QRCode.app/QRCode";
			};
			name = Debug;
		};
		B31C9B62248770D8001B6734 /* Release */ = {
			isa = XCBuildConfiguration;
			buildSettings = {
				ALWAYS_EMBED_SWIFT_STANDARD_LIBRARIES = YES;
				BUNDLE_LOADER = "$(TEST_HOST)";
				CODE_SIGN_STYLE = Automatic;
				DEVELOPMENT_TEAM = MPJF3QG6MV;
				INFOPLIST_FILE = QRCodeTests/Info.plist;
				IPHONEOS_DEPLOYMENT_TARGET = 13.5;
				LD_RUNPATH_SEARCH_PATHS = (
					"$(inherited)",
					"@executable_path/Frameworks",
					"@loader_path/Frameworks",
				);
				PRODUCT_BUNDLE_IDENTIFIER = com.QRCodeTests;
				PRODUCT_NAME = "$(TARGET_NAME)";
				SWIFT_VERSION = 5.0;
				TARGETED_DEVICE_FAMILY = "1,2";
				TEST_HOST = "$(BUILT_PRODUCTS_DIR)/QRCode.app/QRCode";
			};
			name = Release;
		};
		B31C9B64248770D8001B6734 /* Debug */ = {
			isa = XCBuildConfiguration;
			buildSettings = {
				ALWAYS_EMBED_SWIFT_STANDARD_LIBRARIES = YES;
				CODE_SIGN_STYLE = Automatic;
				DEVELOPMENT_TEAM = MPJF3QG6MV;
				INFOPLIST_FILE = QRCodeUITests/Info.plist;
				LD_RUNPATH_SEARCH_PATHS = (
					"$(inherited)",
					"@executable_path/Frameworks",
					"@loader_path/Frameworks",
				);
				PRODUCT_BUNDLE_IDENTIFIER = com.QRCodeUITests;
				PRODUCT_NAME = "$(TARGET_NAME)";
				SWIFT_VERSION = 5.0;
				TARGETED_DEVICE_FAMILY = "1,2";
				TEST_TARGET_NAME = QRCode;
			};
			name = Debug;
		};
		B31C9B65248770D8001B6734 /* Release */ = {
			isa = XCBuildConfiguration;
			buildSettings = {
				ALWAYS_EMBED_SWIFT_STANDARD_LIBRARIES = YES;
				CODE_SIGN_STYLE = Automatic;
				DEVELOPMENT_TEAM = MPJF3QG6MV;
				INFOPLIST_FILE = QRCodeUITests/Info.plist;
				LD_RUNPATH_SEARCH_PATHS = (
					"$(inherited)",
					"@executable_path/Frameworks",
					"@loader_path/Frameworks",
				);
				PRODUCT_BUNDLE_IDENTIFIER = com.QRCodeUITests;
				PRODUCT_NAME = "$(TARGET_NAME)";
				SWIFT_VERSION = 5.0;
				TARGETED_DEVICE_FAMILY = "1,2";
				TEST_TARGET_NAME = QRCode;
			};
			name = Release;
		};
/* End XCBuildConfiguration section */

/* Begin XCConfigurationList section */
		B31C9B2E248770D3001B6734 /* Build configuration list for PBXProject "QRCode" */ = {
			isa = XCConfigurationList;
			buildConfigurations = (
				B31C9B5B248770D8001B6734 /* Debug */,
				B31C9B5C248770D8001B6734 /* Release */,
			);
			defaultConfigurationIsVisible = 0;
			defaultConfigurationName = Release;
		};
		B31C9B5D248770D8001B6734 /* Build configuration list for PBXNativeTarget "QRCode" */ = {
			isa = XCConfigurationList;
			buildConfigurations = (
				B31C9B5E248770D8001B6734 /* Debug */,
				B31C9B5F248770D8001B6734 /* Release */,
			);
			defaultConfigurationIsVisible = 0;
			defaultConfigurationName = Release;
		};
		B31C9B60248770D8001B6734 /* Build configuration list for PBXNativeTarget "QRCodeTests" */ = {
			isa = XCConfigurationList;
			buildConfigurations = (
				B31C9B61248770D8001B6734 /* Debug */,
				B31C9B62248770D8001B6734 /* Release */,
			);
			defaultConfigurationIsVisible = 0;
			defaultConfigurationName = Release;
		};
		B31C9B63248770D8001B6734 /* Build configuration list for PBXNativeTarget "QRCodeUITests" */ = {
			isa = XCConfigurationList;
			buildConfigurations = (
				B31C9B64248770D8001B6734 /* Debug */,
				B31C9B65248770D8001B6734 /* Release */,
			);
			defaultConfigurationIsVisible = 0;
			defaultConfigurationName = Release;
		};
/* End XCConfigurationList section */
	};
	rootObject = B31C9B2B248770D3001B6734 /* Project object */;
}
